// !$*UTF8*$!
{
	archiveVersion = 1;
	classes = {
	};
	objectVersion = 46;
	objects = {

/* Begin PBXBuildFile section */
		829B68FD1B62828700E3A020 /* UberiOSSDK.h in Headers */ = {isa = PBXBuildFile; fileRef = 829B68FC1B62828700E3A020 /* UberiOSSDK.h */; settings = {ATTRIBUTES = (Public, ); }; };
		829B69041B62828700E3A020 /* UberiOSSDK.framework in Frameworks */ = {isa = PBXBuildFile; fileRef = 829B68F91B62828700E3A020 /* UberiOSSDK.framework */; };
		829B69091B62828700E3A020 /* UberiOSSDKTests.m in Sources */ = {isa = PBXBuildFile; fileRef = 829B69081B62828700E3A020 /* UberiOSSDKTests.m */; };
		829B69191B6282A900E3A020 /* UberMacSDK.h in Headers */ = {isa = PBXBuildFile; fileRef = 829B69181B6282A900E3A020 /* UberMacSDK.h */; settings = {ATTRIBUTES = (Public, ); }; };
		829B69201B6282A900E3A020 /* UberMacSDK.framework in Frameworks */ = {isa = PBXBuildFile; fileRef = 829B69161B6282A900E3A020 /* UberMacSDK.framework */; };
		829B69251B6282A900E3A020 /* UberMacSDKTests.m in Sources */ = {isa = PBXBuildFile; fileRef = 829B69241B6282A900E3A020 /* UberMacSDKTests.m */; };
		829B692D1B6282AE00E3A020 /* UberManager.swift in Sources */ = {isa = PBXBuildFile; fileRef = 829B68CD1B62813800E3A020 /* UberManager.swift */; };
		829B692E1B6282AE00E3A020 /* UberUserAuthenticator.swift in Sources */ = {isa = PBXBuildFile; fileRef = 829B68CE1B62815800E3A020 /* UberUserAuthenticator.swift */; };
		829B692F1B6282AE00E3A020 /* UberProduct.swift in Sources */ = {isa = PBXBuildFile; fileRef = 829B68E81B6281CC00E3A020 /* UberProduct.swift */; };
		829B69301B6282AE00E3A020 /* UberPromotion.swift in Sources */ = {isa = PBXBuildFile; fileRef = 829B68E91B6281CC00E3A020 /* UberPromotion.swift */; };
		829B69311B6282AE00E3A020 /* UberActivity.swift in Sources */ = {isa = PBXBuildFile; fileRef = 829B68E31B6281CC00E3A020 /* UberActivity.swift */; };
		829B69321B6282AE00E3A020 /* UberUser.swift in Sources */ = {isa = PBXBuildFile; fileRef = 829B68EE1B6281CD00E3A020 /* UberUser.swift */; };
		829B69331B6282AE00E3A020 /* UberRequest.swift in Sources */ = {isa = PBXBuildFile; fileRef = 829B68EA1B6281CC00E3A020 /* UberRequest.swift */; };
		829B69341B6282AE00E3A020 /* UberRequestReceipt.swift in Sources */ = {isa = PBXBuildFile; fileRef = 829B68EB1B6281CC00E3A020 /* UberRequestReceipt.swift */; };
		829B69351B6282AE00E3A020 /* UberLocation.swift in Sources */ = {isa = PBXBuildFile; fileRef = 829B68E61B6281CC00E3A020 /* UberLocation.swift */; };
		829B69361B6282AE00E3A020 /* UberDriver.swift in Sources */ = {isa = PBXBuildFile; fileRef = 829B68E41B6281CC00E3A020 /* UberDriver.swift */; };
		829B69371B6282AE00E3A020 /* UberPriceDetails.swift in Sources */ = {isa = PBXBuildFile; fileRef = 829B68F31B62824A00E3A020 /* UberPriceDetails.swift */; };
		829B69381B6282AE00E3A020 /* UberVehicle.swift in Sources */ = {isa = PBXBuildFile; fileRef = 829B68EF1B6281CD00E3A020 /* UberVehicle.swift */; };
		829B69391B6282AE00E3A020 /* UberServiceFees.swift in Sources */ = {isa = PBXBuildFile; fileRef = 829B68EC1B6281CC00E3A020 /* UberServiceFees.swift */; };
		829B693A1B6282AE00E3A020 /* CallbackTypes.swift in Sources */ = {isa = PBXBuildFile; fileRef = 829B68E01B6281B200E3A020 /* CallbackTypes.swift */; };
		829B693B1B6282AE00E3A020 /* Enums.swift in Sources */ = {isa = PBXBuildFile; fileRef = 829B68E11B6281B200E3A020 /* Enums.swift */; };
		829B693C1B6282AE00E3A020 /* Generics.swift in Sources */ = {isa = PBXBuildFile; fileRef = 829B68E21B6281B200E3A020 /* Generics.swift */; };
		829B694D1B6282AF00E3A020 /* UberManager.swift in Sources */ = {isa = PBXBuildFile; fileRef = 829B68CD1B62813800E3A020 /* UberManager.swift */; };
		829B694E1B6282AF00E3A020 /* UberUserAuthenticator.swift in Sources */ = {isa = PBXBuildFile; fileRef = 829B68CE1B62815800E3A020 /* UberUserAuthenticator.swift */; };
		829B694F1B6282AF00E3A020 /* UberProduct.swift in Sources */ = {isa = PBXBuildFile; fileRef = 829B68E81B6281CC00E3A020 /* UberProduct.swift */; };
		829B69501B6282AF00E3A020 /* UberPromotion.swift in Sources */ = {isa = PBXBuildFile; fileRef = 829B68E91B6281CC00E3A020 /* UberPromotion.swift */; };
		829B69511B6282AF00E3A020 /* UberActivity.swift in Sources */ = {isa = PBXBuildFile; fileRef = 829B68E31B6281CC00E3A020 /* UberActivity.swift */; };
		829B69521B6282AF00E3A020 /* UberUser.swift in Sources */ = {isa = PBXBuildFile; fileRef = 829B68EE1B6281CD00E3A020 /* UberUser.swift */; };
		829B69531B6282AF00E3A020 /* UberRequest.swift in Sources */ = {isa = PBXBuildFile; fileRef = 829B68EA1B6281CC00E3A020 /* UberRequest.swift */; };
		829B69541B6282AF00E3A020 /* UberRequestReceipt.swift in Sources */ = {isa = PBXBuildFile; fileRef = 829B68EB1B6281CC00E3A020 /* UberRequestReceipt.swift */; };
		829B69551B6282AF00E3A020 /* UberLocation.swift in Sources */ = {isa = PBXBuildFile; fileRef = 829B68E61B6281CC00E3A020 /* UberLocation.swift */; };
		829B69561B6282AF00E3A020 /* UberDriver.swift in Sources */ = {isa = PBXBuildFile; fileRef = 829B68E41B6281CC00E3A020 /* UberDriver.swift */; };
		829B69571B6282AF00E3A020 /* UberPriceDetails.swift in Sources */ = {isa = PBXBuildFile; fileRef = 829B68F31B62824A00E3A020 /* UberPriceDetails.swift */; };
		829B69581B6282AF00E3A020 /* UberVehicle.swift in Sources */ = {isa = PBXBuildFile; fileRef = 829B68EF1B6281CD00E3A020 /* UberVehicle.swift */; };
		829B69591B6282AF00E3A020 /* UberServiceFees.swift in Sources */ = {isa = PBXBuildFile; fileRef = 829B68EC1B6281CC00E3A020 /* UberServiceFees.swift */; };
		829B695A1B6282AF00E3A020 /* CallbackTypes.swift in Sources */ = {isa = PBXBuildFile; fileRef = 829B68E01B6281B200E3A020 /* CallbackTypes.swift */; };
		829B695B1B6282AF00E3A020 /* Enums.swift in Sources */ = {isa = PBXBuildFile; fileRef = 829B68E11B6281B200E3A020 /* Enums.swift */; };
		829B695C1B6282AF00E3A020 /* Generics.swift in Sources */ = {isa = PBXBuildFile; fileRef = 829B68E21B6281B200E3A020 /* Generics.swift */; };
		829B696D1B62848F00E3A020 /* UberEstimate.swift in Sources */ = {isa = PBXBuildFile; fileRef = 829B68E51B6281CC00E3A020 /* UberEstimate.swift */; };
		829B696F1B62849000E3A020 /* UberEstimate.swift in Sources */ = {isa = PBXBuildFile; fileRef = 829B68E51B6281CC00E3A020 /* UberEstimate.swift */; };
		829B69711B62849900E3A020 /* UberPriceEstimate.swift in Sources */ = {isa = PBXBuildFile; fileRef = 829B68E71B6281CC00E3A020 /* UberPriceEstimate.swift */; };
		829B69721B62849900E3A020 /* UberTimeEstimate.swift in Sources */ = {isa = PBXBuildFile; fileRef = 829B68ED1B6281CD00E3A020 /* UberTimeEstimate.swift */; };
		829B69751B62849A00E3A020 /* UberPriceEstimate.swift in Sources */ = {isa = PBXBuildFile; fileRef = 829B68E71B6281CC00E3A020 /* UberPriceEstimate.swift */; };
		829B69761B62849A00E3A020 /* UberTimeEstimate.swift in Sources */ = {isa = PBXBuildFile; fileRef = 829B68ED1B6281CD00E3A020 /* UberTimeEstimate.swift */; };
		829B697C1B628FDE00E3A020 /* UberObject+UIImage.swift in Sources */ = {isa = PBXBuildFile; fileRef = 829B69791B628FDE00E3A020 /* UberObject+UIImage.swift */; };
		829B697D1B628FDE00E3A020 /* UberRequestUIWebView.swift in Sources */ = {isa = PBXBuildFile; fileRef = 829B697A1B628FDE00E3A020 /* UberRequestUIWebView.swift */; };
		829B697E1B628FDE00E3A020 /* UberUserAuthenticatorUIWebView.swift in Sources */ = {isa = PBXBuildFile; fileRef = 829B697B1B628FDE00E3A020 /* UberUserAuthenticatorUIWebView.swift */; };
		829B69821B62C2A700E3A020 /* UberObject+NSImage.swift in Sources */ = {isa = PBXBuildFile; fileRef = 829B697F1B62C2A700E3A020 /* UberObject+NSImage.swift */; };
		829B69831B62C2A700E3A020 /* UberRequestWebView.swift in Sources */ = {isa = PBXBuildFile; fileRef = 829B69801B62C2A700E3A020 /* UberRequestWebView.swift */; };
		829B69841B62C2A700E3A020 /* UberUserAuthenticatorWebView.swift in Sources */ = {isa = PBXBuildFile; fileRef = 829B69811B62C2A700E3A020 /* UberUserAuthenticatorWebView.swift */; };
		829B69891B62C4CB00E3A020 /* General Setup.swift in Sources */ = {isa = PBXBuildFile; fileRef = 829B69881B62C4CB00E3A020 /* General Setup.swift */; };
		829B698A1B62C4CB00E3A020 /* General Setup.swift in Sources */ = {isa = PBXBuildFile; fileRef = 829B69881B62C4CB00E3A020 /* General Setup.swift */; };
		829B698C1B62C51C00E3A020 /* Setup.swift in Sources */ = {isa = PBXBuildFile; fileRef = 829B698B1B62C51C00E3A020 /* Setup.swift */; };
		829B698D1B62C51C00E3A020 /* Setup.swift in Sources */ = {isa = PBXBuildFile; fileRef = 829B698B1B62C51C00E3A020 /* Setup.swift */; };
		829B698F1B62C5B000E3A020 /* UberProductTestCase.swift in Sources */ = {isa = PBXBuildFile; fileRef = 829B698E1B62C5B000E3A020 /* UberProductTestCase.swift */; };
		829B69901B62C5B000E3A020 /* UberProductTestCase.swift in Sources */ = {isa = PBXBuildFile; fileRef = 829B698E1B62C5B000E3A020 /* UberProductTestCase.swift */; };
		829B69921B62C62700E3A020 /* UberPriceEstimateTestCase.swift in Sources */ = {isa = PBXBuildFile; fileRef = 829B69911B62C62700E3A020 /* UberPriceEstimateTestCase.swift */; };
		829B69931B62C62700E3A020 /* UberPriceEstimateTestCase.swift in Sources */ = {isa = PBXBuildFile; fileRef = 829B69911B62C62700E3A020 /* UberPriceEstimateTestCase.swift */; };
		829B69951B62C63C00E3A020 /* UberTimeEstimateTestCase.swift in Sources */ = {isa = PBXBuildFile; fileRef = 829B69941B62C63C00E3A020 /* UberTimeEstimateTestCase.swift */; };
		829B69961B62C63C00E3A020 /* UberTimeEstimateTestCase.swift in Sources */ = {isa = PBXBuildFile; fileRef = 829B69941B62C63C00E3A020 /* UberTimeEstimateTestCase.swift */; };
/* End PBXBuildFile section */

/* Begin PBXContainerItemProxy section */
		829B69051B62828700E3A020 /* PBXContainerItemProxy */ = {
			isa = PBXContainerItemProxy;
			containerPortal = 829B68C41B6280E900E3A020 /* Project object */;
			proxyType = 1;
			remoteGlobalIDString = 829B68F81B62828700E3A020;
			remoteInfo = UberiOSSDK;
		};
		829B69211B6282A900E3A020 /* PBXContainerItemProxy */ = {
			isa = PBXContainerItemProxy;
			containerPortal = 829B68C41B6280E900E3A020 /* Project object */;
			proxyType = 1;
			remoteGlobalIDString = 829B69151B6282A900E3A020;
			remoteInfo = UberMacSDK;
		};
/* End PBXContainerItemProxy section */

/* Begin PBXFileReference section */
		826644191B638BDB00042F93 /* LICENSE */ = {isa = PBXFileReference; lastKnownFileType = text; path = LICENSE; sourceTree = "<group>"; };
		829B68CB1B62810200E3A020 /* README.md */ = {isa = PBXFileReference; lastKnownFileType = net.daringfireball.markdown; path = README.md; sourceTree = "<group>"; };
		829B68CD1B62813800E3A020 /* UberManager.swift */ = {isa = PBXFileReference; lastKnownFileType = sourcecode.swift; name = UberManager.swift; path = Shared/UberManager.swift; sourceTree = "<group>"; };
		829B68CE1B62815800E3A020 /* UberUserAuthenticator.swift */ = {isa = PBXFileReference; lastKnownFileType = sourcecode.swift; name = UberUserAuthenticator.swift; path = Shared/UberUserAuthenticator.swift; sourceTree = "<group>"; };
		829B68E01B6281B200E3A020 /* CallbackTypes.swift */ = {isa = PBXFileReference; lastKnownFileType = sourcecode.swift; name = CallbackTypes.swift; path = Shared/CallbackTypes.swift; sourceTree = "<group>"; };
		829B68E11B6281B200E3A020 /* Enums.swift */ = {isa = PBXFileReference; lastKnownFileType = sourcecode.swift; name = Enums.swift; path = Shared/Enums.swift; sourceTree = "<group>"; };
		829B68E21B6281B200E3A020 /* Generics.swift */ = {isa = PBXFileReference; lastKnownFileType = sourcecode.swift; name = Generics.swift; path = Shared/Generics.swift; sourceTree = "<group>"; };
		829B68E31B6281CC00E3A020 /* UberActivity.swift */ = {isa = PBXFileReference; lastKnownFileType = sourcecode.swift; name = UberActivity.swift; path = Shared/UberActivity.swift; sourceTree = "<group>"; };
		829B68E41B6281CC00E3A020 /* UberDriver.swift */ = {isa = PBXFileReference; lastKnownFileType = sourcecode.swift; name = UberDriver.swift; path = Shared/UberDriver.swift; sourceTree = "<group>"; };
		829B68E51B6281CC00E3A020 /* UberEstimate.swift */ = {isa = PBXFileReference; lastKnownFileType = sourcecode.swift; name = UberEstimate.swift; path = Shared/UberEstimate.swift; sourceTree = "<group>"; };
		829B68E61B6281CC00E3A020 /* UberLocation.swift */ = {isa = PBXFileReference; lastKnownFileType = sourcecode.swift; name = UberLocation.swift; path = Shared/UberLocation.swift; sourceTree = "<group>"; };
		829B68E71B6281CC00E3A020 /* UberPriceEstimate.swift */ = {isa = PBXFileReference; lastKnownFileType = sourcecode.swift; name = UberPriceEstimate.swift; path = Shared/UberPriceEstimate.swift; sourceTree = "<group>"; };
		829B68E81B6281CC00E3A020 /* UberProduct.swift */ = {isa = PBXFileReference; lastKnownFileType = sourcecode.swift; name = UberProduct.swift; path = Shared/UberProduct.swift; sourceTree = "<group>"; };
		829B68E91B6281CC00E3A020 /* UberPromotion.swift */ = {isa = PBXFileReference; lastKnownFileType = sourcecode.swift; name = UberPromotion.swift; path = Shared/UberPromotion.swift; sourceTree = "<group>"; };
		829B68EA1B6281CC00E3A020 /* UberRequest.swift */ = {isa = PBXFileReference; lastKnownFileType = sourcecode.swift; name = UberRequest.swift; path = Shared/UberRequest.swift; sourceTree = "<group>"; };
		829B68EB1B6281CC00E3A020 /* UberRequestReceipt.swift */ = {isa = PBXFileReference; lastKnownFileType = sourcecode.swift; name = UberRequestReceipt.swift; path = Shared/UberRequestReceipt.swift; sourceTree = "<group>"; };
		829B68EC1B6281CC00E3A020 /* UberServiceFees.swift */ = {isa = PBXFileReference; lastKnownFileType = sourcecode.swift; name = UberServiceFees.swift; path = Shared/UberServiceFees.swift; sourceTree = "<group>"; };
		829B68ED1B6281CD00E3A020 /* UberTimeEstimate.swift */ = {isa = PBXFileReference; lastKnownFileType = sourcecode.swift; name = UberTimeEstimate.swift; path = Shared/UberTimeEstimate.swift; sourceTree = "<group>"; };
		829B68EE1B6281CD00E3A020 /* UberUser.swift */ = {isa = PBXFileReference; lastKnownFileType = sourcecode.swift; name = UberUser.swift; path = Shared/UberUser.swift; sourceTree = "<group>"; };
		829B68EF1B6281CD00E3A020 /* UberVehicle.swift */ = {isa = PBXFileReference; lastKnownFileType = sourcecode.swift; name = UberVehicle.swift; path = Shared/UberVehicle.swift; sourceTree = "<group>"; };
		829B68F31B62824A00E3A020 /* UberPriceDetails.swift */ = {isa = PBXFileReference; lastKnownFileType = sourcecode.swift; name = UberPriceDetails.swift; path = Shared/UberPriceDetails.swift; sourceTree = "<group>"; };
		829B68F91B62828700E3A020 /* UberiOSSDK.framework */ = {isa = PBXFileReference; explicitFileType = wrapper.framework; includeInIndex = 0; path = UberiOSSDK.framework; sourceTree = BUILT_PRODUCTS_DIR; };
		829B68FC1B62828700E3A020 /* UberiOSSDK.h */ = {isa = PBXFileReference; lastKnownFileType = sourcecode.c.h; path = UberiOSSDK.h; sourceTree = "<group>"; };
		829B68FE1B62828700E3A020 /* Info.plist */ = {isa = PBXFileReference; lastKnownFileType = text.plist.xml; path = Info.plist; sourceTree = "<group>"; };
		829B69031B62828700E3A020 /* UberiOSSDKTests.xctest */ = {isa = PBXFileReference; explicitFileType = wrapper.cfbundle; includeInIndex = 0; path = UberiOSSDKTests.xctest; sourceTree = BUILT_PRODUCTS_DIR; };
		829B69081B62828700E3A020 /* UberiOSSDKTests.m */ = {isa = PBXFileReference; lastKnownFileType = sourcecode.c.objc; path = UberiOSSDKTests.m; sourceTree = "<group>"; };
		829B690A1B62828700E3A020 /* Info.plist */ = {isa = PBXFileReference; lastKnownFileType = text.plist.xml; path = Info.plist; sourceTree = "<group>"; };
		829B69161B6282A900E3A020 /* UberMacSDK.framework */ = {isa = PBXFileReference; explicitFileType = wrapper.framework; includeInIndex = 0; path = UberMacSDK.framework; sourceTree = BUILT_PRODUCTS_DIR; };
		829B69181B6282A900E3A020 /* UberMacSDK.h */ = {isa = PBXFileReference; lastKnownFileType = sourcecode.c.h; path = UberMacSDK.h; sourceTree = "<group>"; };
		829B691A1B6282A900E3A020 /* Info.plist */ = {isa = PBXFileReference; lastKnownFileType = text.plist.xml; path = Info.plist; sourceTree = "<group>"; };
		829B691F1B6282A900E3A020 /* UberMacSDKTests.xctest */ = {isa = PBXFileReference; explicitFileType = wrapper.cfbundle; includeInIndex = 0; path = UberMacSDKTests.xctest; sourceTree = BUILT_PRODUCTS_DIR; };
		829B69241B6282A900E3A020 /* UberMacSDKTests.m */ = {isa = PBXFileReference; lastKnownFileType = sourcecode.c.objc; path = UberMacSDKTests.m; sourceTree = "<group>"; };
		829B69261B6282A900E3A020 /* Info.plist */ = {isa = PBXFileReference; lastKnownFileType = text.plist.xml; path = Info.plist; sourceTree = "<group>"; };
		829B69791B628FDE00E3A020 /* UberObject+UIImage.swift */ = {isa = PBXFileReference; fileEncoding = 4; lastKnownFileType = sourcecode.swift; path = "UberObject+UIImage.swift"; sourceTree = "<group>"; };
		829B697A1B628FDE00E3A020 /* UberRequestUIWebView.swift */ = {isa = PBXFileReference; fileEncoding = 4; lastKnownFileType = sourcecode.swift; path = UberRequestUIWebView.swift; sourceTree = "<group>"; };
		829B697B1B628FDE00E3A020 /* UberUserAuthenticatorUIWebView.swift */ = {isa = PBXFileReference; fileEncoding = 4; lastKnownFileType = sourcecode.swift; path = UberUserAuthenticatorUIWebView.swift; sourceTree = "<group>"; };
		829B697F1B62C2A700E3A020 /* UberObject+NSImage.swift */ = {isa = PBXFileReference; fileEncoding = 4; lastKnownFileType = sourcecode.swift; path = "UberObject+NSImage.swift"; sourceTree = "<group>"; };
		829B69801B62C2A700E3A020 /* UberRequestWebView.swift */ = {isa = PBXFileReference; fileEncoding = 4; lastKnownFileType = sourcecode.swift; path = UberRequestWebView.swift; sourceTree = "<group>"; };
		829B69811B62C2A700E3A020 /* UberUserAuthenticatorWebView.swift */ = {isa = PBXFileReference; fileEncoding = 4; lastKnownFileType = sourcecode.swift; path = UberUserAuthenticatorWebView.swift; sourceTree = "<group>"; };
		829B69861B62C4CB00E3A020 /* UberiOSSDKTests-Bridging-Header.h */ = {isa = PBXFileReference; lastKnownFileType = sourcecode.c.h; path = "UberiOSSDKTests-Bridging-Header.h"; sourceTree = "<group>"; };
		829B69871B62C4CB00E3A020 /* UberMacSDKTests-Bridging-Header.h */ = {isa = PBXFileReference; lastKnownFileType = sourcecode.c.h; path = "UberMacSDKTests-Bridging-Header.h"; sourceTree = "<group>"; };
		829B69881B62C4CB00E3A020 /* General Setup.swift */ = {isa = PBXFileReference; fileEncoding = 4; lastKnownFileType = sourcecode.swift; name = "General Setup.swift"; path = "Shared Testing/General Setup.swift"; sourceTree = "<group>"; };
		829B698B1B62C51C00E3A020 /* Setup.swift */ = {isa = PBXFileReference; fileEncoding = 4; lastKnownFileType = sourcecode.swift; name = Setup.swift; path = "Shared Testing/Setup.swift"; sourceTree = "<group>"; };
		829B698E1B62C5B000E3A020 /* UberProductTestCase.swift */ = {isa = PBXFileReference; fileEncoding = 4; lastKnownFileType = sourcecode.swift; name = UberProductTestCase.swift; path = "Shared Testing/UberProductTestCase.swift"; sourceTree = "<group>"; };
		829B69911B62C62700E3A020 /* UberPriceEstimateTestCase.swift */ = {isa = PBXFileReference; fileEncoding = 4; lastKnownFileType = sourcecode.swift; name = UberPriceEstimateTestCase.swift; path = "Shared Testing/UberPriceEstimateTestCase.swift"; sourceTree = "<group>"; };
		829B69941B62C63C00E3A020 /* UberTimeEstimateTestCase.swift */ = {isa = PBXFileReference; fileEncoding = 4; lastKnownFileType = sourcecode.swift; name = UberTimeEstimateTestCase.swift; path = "Shared Testing/UberTimeEstimateTestCase.swift"; sourceTree = "<group>"; };
/* End PBXFileReference section */

/* Begin PBXFrameworksBuildPhase section */
		829B68F51B62828700E3A020 /* Frameworks */ = {
			isa = PBXFrameworksBuildPhase;
			buildActionMask = 2147483647;
			files = (
			);
			runOnlyForDeploymentPostprocessing = 0;
		};
		829B69001B62828700E3A020 /* Frameworks */ = {
			isa = PBXFrameworksBuildPhase;
			buildActionMask = 2147483647;
			files = (
				829B69041B62828700E3A020 /* UberiOSSDK.framework in Frameworks */,
			);
			runOnlyForDeploymentPostprocessing = 0;
		};
		829B69121B6282A900E3A020 /* Frameworks */ = {
			isa = PBXFrameworksBuildPhase;
			buildActionMask = 2147483647;
			files = (
			);
			runOnlyForDeploymentPostprocessing = 0;
		};
		829B691C1B6282A900E3A020 /* Frameworks */ = {
			isa = PBXFrameworksBuildPhase;
			buildActionMask = 2147483647;
			files = (
				829B69201B6282A900E3A020 /* UberMacSDK.framework in Frameworks */,
			);
			runOnlyForDeploymentPostprocessing = 0;
		};
/* End PBXFrameworksBuildPhase section */

/* Begin PBXGroup section */
		829B68C31B6280E900E3A020 = {
			isa = PBXGroup;
			children = (
				826644191B638BDB00042F93 /* LICENSE */,
				829B68CB1B62810200E3A020 /* README.md */,
				829B68CC1B62810900E3A020 /* Shared */,
				829B69851B62C49C00E3A020 /* Shared Testing */,
				829B68FB1B62828700E3A020 /* UberiOSSDK */,
				829B69071B62828700E3A020 /* UberiOSSDKTests */,
				829B69171B6282A900E3A020 /* UberMacSDK */,
				829B69231B6282A900E3A020 /* UberMacSDKTests */,
				829B68FA1B62828700E3A020 /* Products */,
			);
			sourceTree = "<group>";
		};
		829B68CC1B62810900E3A020 /* Shared */ = {
			isa = PBXGroup;
			children = (
				829B68CD1B62813800E3A020 /* UberManager.swift */,
				829B68CE1B62815800E3A020 /* UberUserAuthenticator.swift */,
				829B68F01B6281D100E3A020 /* Model */,
				829B68D21B62816A00E3A020 /* Helpers */,
			);
			name = Shared;
			sourceTree = "<group>";
		};
		829B68D21B62816A00E3A020 /* Helpers */ = {
			isa = PBXGroup;
			children = (
				829B68E01B6281B200E3A020 /* CallbackTypes.swift */,
				829B68E11B6281B200E3A020 /* Enums.swift */,
				829B68E21B6281B200E3A020 /* Generics.swift */,
			);
			name = Helpers;
			sourceTree = "<group>";
		};
		829B68F01B6281D100E3A020 /* Model */ = {
			isa = PBXGroup;
			children = (
				829B68E81B6281CC00E3A020 /* UberProduct.swift */,
				829B68F11B6281ED00E3A020 /* Estimates */,
				829B68E91B6281CC00E3A020 /* UberPromotion.swift */,
				829B68E31B6281CC00E3A020 /* UberActivity.swift */,
				829B68EE1B6281CD00E3A020 /* UberUser.swift */,
				829B68EA1B6281CC00E3A020 /* UberRequest.swift */,
				829B68EB1B6281CC00E3A020 /* UberRequestReceipt.swift */,
				829B68F21B62820B00E3A020 /* Contained Objects */,
			);
			name = Model;
			sourceTree = "<group>";
		};
		829B68F11B6281ED00E3A020 /* Estimates */ = {
			isa = PBXGroup;
			children = (
				829B68E51B6281CC00E3A020 /* UberEstimate.swift */,
				829B68E71B6281CC00E3A020 /* UberPriceEstimate.swift */,
				829B68ED1B6281CD00E3A020 /* UberTimeEstimate.swift */,
			);
			name = Estimates;
			sourceTree = "<group>";
		};
		829B68F21B62820B00E3A020 /* Contained Objects */ = {
			isa = PBXGroup;
			children = (
				829B68E61B6281CC00E3A020 /* UberLocation.swift */,
				829B68E41B6281CC00E3A020 /* UberDriver.swift */,
				829B68F31B62824A00E3A020 /* UberPriceDetails.swift */,
				829B68EF1B6281CD00E3A020 /* UberVehicle.swift */,
				829B68EC1B6281CC00E3A020 /* UberServiceFees.swift */,
			);
			name = "Contained Objects";
			sourceTree = "<group>";
		};
		829B68FA1B62828700E3A020 /* Products */ = {
			isa = PBXGroup;
			children = (
				829B68F91B62828700E3A020 /* UberiOSSDK.framework */,
				829B69031B62828700E3A020 /* UberiOSSDKTests.xctest */,
				829B69161B6282A900E3A020 /* UberMacSDK.framework */,
				829B691F1B6282A900E3A020 /* UberMacSDKTests.xctest */,
			);
			name = Products;
			sourceTree = "<group>";
		};
		829B68FB1B62828700E3A020 /* UberiOSSDK */ = {
			isa = PBXGroup;
			children = (
				829B68FC1B62828700E3A020 /* UberiOSSDK.h */,
				829B69791B628FDE00E3A020 /* UberObject+UIImage.swift */,
				829B697A1B628FDE00E3A020 /* UberRequestUIWebView.swift */,
				829B697B1B628FDE00E3A020 /* UberUserAuthenticatorUIWebView.swift */,
				829B68FE1B62828700E3A020 /* Info.plist */,
			);
			path = UberiOSSDK;
			sourceTree = "<group>";
		};
		829B69071B62828700E3A020 /* UberiOSSDKTests */ = {
			isa = PBXGroup;
			children = (
				829B69081B62828700E3A020 /* UberiOSSDKTests.m */,
				829B690A1B62828700E3A020 /* Info.plist */,
			);
			path = UberiOSSDKTests;
			sourceTree = "<group>";
		};
		829B69171B6282A900E3A020 /* UberMacSDK */ = {
			isa = PBXGroup;
			children = (
				829B69181B6282A900E3A020 /* UberMacSDK.h */,
				829B697F1B62C2A700E3A020 /* UberObject+NSImage.swift */,
				829B69801B62C2A700E3A020 /* UberRequestWebView.swift */,
				829B69811B62C2A700E3A020 /* UberUserAuthenticatorWebView.swift */,
				829B691A1B6282A900E3A020 /* Info.plist */,
			);
			path = UberMacSDK;
			sourceTree = "<group>";
		};
		829B69231B6282A900E3A020 /* UberMacSDKTests */ = {
			isa = PBXGroup;
			children = (
				829B69241B6282A900E3A020 /* UberMacSDKTests.m */,
				829B69261B6282A900E3A020 /* Info.plist */,
			);
			path = UberMacSDKTests;
			sourceTree = "<group>";
		};
		829B69851B62C49C00E3A020 /* Shared Testing */ = {
			isa = PBXGroup;
			children = (
				829B69861B62C4CB00E3A020 /* UberiOSSDKTests-Bridging-Header.h */,
				829B69871B62C4CB00E3A020 /* UberMacSDKTests-Bridging-Header.h */,
				829B69881B62C4CB00E3A020 /* General Setup.swift */,
				829B698B1B62C51C00E3A020 /* Setup.swift */,
				829B698E1B62C5B000E3A020 /* UberProductTestCase.swift */,
				829B69911B62C62700E3A020 /* UberPriceEstimateTestCase.swift */,
				829B69941B62C63C00E3A020 /* UberTimeEstimateTestCase.swift */,
			);
			name = "Shared Testing";
			sourceTree = "<group>";
		};
/* End PBXGroup section */

/* Begin PBXHeadersBuildPhase section */
		829B68F61B62828700E3A020 /* Headers */ = {
			isa = PBXHeadersBuildPhase;
			buildActionMask = 2147483647;
			files = (
				829B68FD1B62828700E3A020 /* UberiOSSDK.h in Headers */,
			);
			runOnlyForDeploymentPostprocessing = 0;
		};
		829B69131B6282A900E3A020 /* Headers */ = {
			isa = PBXHeadersBuildPhase;
			buildActionMask = 2147483647;
			files = (
				829B69191B6282A900E3A020 /* UberMacSDK.h in Headers */,
			);
			runOnlyForDeploymentPostprocessing = 0;
		};
/* End PBXHeadersBuildPhase section */

/* Begin PBXNativeTarget section */
		829B68F81B62828700E3A020 /* UberiOSSDK */ = {
			isa = PBXNativeTarget;
			buildConfigurationList = 829B690B1B62828700E3A020 /* Build configuration list for PBXNativeTarget "UberiOSSDK" */;
			buildPhases = (
				829B68F41B62828700E3A020 /* Sources */,
				829B68F51B62828700E3A020 /* Frameworks */,
				829B68F61B62828700E3A020 /* Headers */,
				829B68F71B62828700E3A020 /* Resources */,
			);
			buildRules = (
			);
			dependencies = (
			);
			name = UberiOSSDK;
			productName = UberiOSSDK;
			productReference = 829B68F91B62828700E3A020 /* UberiOSSDK.framework */;
			productType = "com.apple.product-type.framework";
		};
		829B69021B62828700E3A020 /* UberiOSSDKTests */ = {
			isa = PBXNativeTarget;
			buildConfigurationList = 829B690E1B62828700E3A020 /* Build configuration list for PBXNativeTarget "UberiOSSDKTests" */;
			buildPhases = (
				829B68FF1B62828700E3A020 /* Sources */,
				829B69001B62828700E3A020 /* Frameworks */,
				829B69011B62828700E3A020 /* Resources */,
			);
			buildRules = (
			);
			dependencies = (
				829B69061B62828700E3A020 /* PBXTargetDependency */,
			);
			name = UberiOSSDKTests;
			productName = UberiOSSDKTests;
			productReference = 829B69031B62828700E3A020 /* UberiOSSDKTests.xctest */;
			productType = "com.apple.product-type.bundle.unit-test";
		};
		829B69151B6282A900E3A020 /* UberMacSDK */ = {
			isa = PBXNativeTarget;
			buildConfigurationList = 829B69271B6282A900E3A020 /* Build configuration list for PBXNativeTarget "UberMacSDK" */;
			buildPhases = (
				829B69111B6282A900E3A020 /* Sources */,
				829B69121B6282A900E3A020 /* Frameworks */,
				829B69131B6282A900E3A020 /* Headers */,
				829B69141B6282A900E3A020 /* Resources */,
			);
			buildRules = (
			);
			dependencies = (
			);
			name = UberMacSDK;
			productName = UberMacSDK;
			productReference = 829B69161B6282A900E3A020 /* UberMacSDK.framework */;
			productType = "com.apple.product-type.framework";
		};
		829B691E1B6282A900E3A020 /* UberMacSDKTests */ = {
			isa = PBXNativeTarget;
			buildConfigurationList = 829B692A1B6282A900E3A020 /* Build configuration list for PBXNativeTarget "UberMacSDKTests" */;
			buildPhases = (
				829B691B1B6282A900E3A020 /* Sources */,
				829B691C1B6282A900E3A020 /* Frameworks */,
				829B691D1B6282A900E3A020 /* Resources */,
			);
			buildRules = (
			);
			dependencies = (
				829B69221B6282A900E3A020 /* PBXTargetDependency */,
			);
			name = UberMacSDKTests;
			productName = UberMacSDKTests;
			productReference = 829B691F1B6282A900E3A020 /* UberMacSDKTests.xctest */;
			productType = "com.apple.product-type.bundle.unit-test";
		};
/* End PBXNativeTarget section */

/* Begin PBXProject section */
		829B68C41B6280E900E3A020 /* Project object */ = {
			isa = PBXProject;
			attributes = {
				LastSwiftUpdateCheck = 0700;
				LastUpgradeCheck = 0700;
				TargetAttributes = {
					829B68F81B62828700E3A020 = {
						CreatedOnToolsVersion = 7.0;
					};
					829B69021B62828700E3A020 = {
						CreatedOnToolsVersion = 7.0;
					};
					829B69151B6282A900E3A020 = {
						CreatedOnToolsVersion = 7.0;
					};
					829B691E1B6282A900E3A020 = {
						CreatedOnToolsVersion = 7.0;
					};
				};
			};
			buildConfigurationList = 829B68C71B6280E900E3A020 /* Build configuration list for PBXProject "UberSDK" */;
			compatibilityVersion = "Xcode 3.2";
			developmentRegion = English;
			hasScannedForEncodings = 0;
			knownRegions = (
				en,
			);
			mainGroup = 829B68C31B6280E900E3A020;
			productRefGroup = 829B68FA1B62828700E3A020 /* Products */;
			projectDirPath = "";
			projectRoot = "";
			targets = (
				829B68F81B62828700E3A020 /* UberiOSSDK */,
				829B69021B62828700E3A020 /* UberiOSSDKTests */,
				829B69151B6282A900E3A020 /* UberMacSDK */,
				829B691E1B6282A900E3A020 /* UberMacSDKTests */,
			);
		};
/* End PBXProject section */

/* Begin PBXResourcesBuildPhase section */
		829B68F71B62828700E3A020 /* Resources */ = {
			isa = PBXResourcesBuildPhase;
			buildActionMask = 2147483647;
			files = (
			);
			runOnlyForDeploymentPostprocessing = 0;
		};
		829B69011B62828700E3A020 /* Resources */ = {
			isa = PBXResourcesBuildPhase;
			buildActionMask = 2147483647;
			files = (
			);
			runOnlyForDeploymentPostprocessing = 0;
		};
		829B69141B6282A900E3A020 /* Resources */ = {
			isa = PBXResourcesBuildPhase;
			buildActionMask = 2147483647;
			files = (
			);
			runOnlyForDeploymentPostprocessing = 0;
		};
		829B691D1B6282A900E3A020 /* Resources */ = {
			isa = PBXResourcesBuildPhase;
			buildActionMask = 2147483647;
			files = (
			);
			runOnlyForDeploymentPostprocessing = 0;
		};
/* End PBXResourcesBuildPhase section */

/* Begin PBXSourcesBuildPhase section */
		829B68F41B62828700E3A020 /* Sources */ = {
			isa = PBXSourcesBuildPhase;
			buildActionMask = 2147483647;
			files = (
				829B693A1B6282AE00E3A020 /* CallbackTypes.swift in Sources */,
				829B69351B6282AE00E3A020 /* UberLocation.swift in Sources */,
				829B692E1B6282AE00E3A020 /* UberUserAuthenticator.swift in Sources */,
				829B69381B6282AE00E3A020 /* UberVehicle.swift in Sources */,
				829B69331B6282AE00E3A020 /* UberRequest.swift in Sources */,
				829B69721B62849900E3A020 /* UberTimeEstimate.swift in Sources */,
				829B692D1B6282AE00E3A020 /* UberManager.swift in Sources */,
				829B69321B6282AE00E3A020 /* UberUser.swift in Sources */,
				829B697D1B628FDE00E3A020 /* UberRequestUIWebView.swift in Sources */,
				829B697C1B628FDE00E3A020 /* UberObject+UIImage.swift in Sources */,
				829B69711B62849900E3A020 /* UberPriceEstimate.swift in Sources */,
				829B693B1B6282AE00E3A020 /* Enums.swift in Sources */,
				829B69391B6282AE00E3A020 /* UberServiceFees.swift in Sources */,
				829B693C1B6282AE00E3A020 /* Generics.swift in Sources */,
				829B692F1B6282AE00E3A020 /* UberProduct.swift in Sources */,
				829B69301B6282AE00E3A020 /* UberPromotion.swift in Sources */,
				829B697E1B628FDE00E3A020 /* UberUserAuthenticatorUIWebView.swift in Sources */,
				829B69341B6282AE00E3A020 /* UberRequestReceipt.swift in Sources */,
				829B69371B6282AE00E3A020 /* UberPriceDetails.swift in Sources */,
				829B69311B6282AE00E3A020 /* UberActivity.swift in Sources */,
				829B69361B6282AE00E3A020 /* UberDriver.swift in Sources */,
				829B696D1B62848F00E3A020 /* UberEstimate.swift in Sources */,
			);
			runOnlyForDeploymentPostprocessing = 0;
		};
		829B68FF1B62828700E3A020 /* Sources */ = {
			isa = PBXSourcesBuildPhase;
			buildActionMask = 2147483647;
			files = (
				829B69091B62828700E3A020 /* UberiOSSDKTests.m in Sources */,
				829B698C1B62C51C00E3A020 /* Setup.swift in Sources */,
				829B69951B62C63C00E3A020 /* UberTimeEstimateTestCase.swift in Sources */,
				829B69921B62C62700E3A020 /* UberPriceEstimateTestCase.swift in Sources */,
				829B69891B62C4CB00E3A020 /* General Setup.swift in Sources */,
				829B698F1B62C5B000E3A020 /* UberProductTestCase.swift in Sources */,
			);
			runOnlyForDeploymentPostprocessing = 0;
		};
		829B69111B6282A900E3A020 /* Sources */ = {
			isa = PBXSourcesBuildPhase;
			buildActionMask = 2147483647;
			files = (
				829B695A1B6282AF00E3A020 /* CallbackTypes.swift in Sources */,
				829B69551B6282AF00E3A020 /* UberLocation.swift in Sources */,
				829B694E1B6282AF00E3A020 /* UberUserAuthenticator.swift in Sources */,
				829B69581B6282AF00E3A020 /* UberVehicle.swift in Sources */,
				829B69531B6282AF00E3A020 /* UberRequest.swift in Sources */,
				829B69761B62849A00E3A020 /* UberTimeEstimate.swift in Sources */,
				829B694D1B6282AF00E3A020 /* UberManager.swift in Sources */,
				829B69821B62C2A700E3A020 /* UberObject+NSImage.swift in Sources */,
				829B69521B6282AF00E3A020 /* UberUser.swift in Sources */,
				829B69751B62849A00E3A020 /* UberPriceEstimate.swift in Sources */,
				829B69831B62C2A700E3A020 /* UberRequestWebView.swift in Sources */,
				829B695B1B6282AF00E3A020 /* Enums.swift in Sources */,
				829B69591B6282AF00E3A020 /* UberServiceFees.swift in Sources */,
				829B695C1B6282AF00E3A020 /* Generics.swift in Sources */,
				829B694F1B6282AF00E3A020 /* UberProduct.swift in Sources */,
				829B69501B6282AF00E3A020 /* UberPromotion.swift in Sources */,
				829B69541B6282AF00E3A020 /* UberRequestReceipt.swift in Sources */,
				829B69571B6282AF00E3A020 /* UberPriceDetails.swift in Sources */,
				829B69511B6282AF00E3A020 /* UberActivity.swift in Sources */,
				829B69561B6282AF00E3A020 /* UberDriver.swift in Sources */,
				829B69841B62C2A700E3A020 /* UberUserAuthenticatorWebView.swift in Sources */,
				829B696F1B62849000E3A020 /* UberEstimate.swift in Sources */,
			);
			runOnlyForDeploymentPostprocessing = 0;
		};
		829B691B1B6282A900E3A020 /* Sources */ = {
			isa = PBXSourcesBuildPhase;
			buildActionMask = 2147483647;
			files = (
				829B69251B6282A900E3A020 /* UberMacSDKTests.m in Sources */,
				829B698D1B62C51C00E3A020 /* Setup.swift in Sources */,
				829B69961B62C63C00E3A020 /* UberTimeEstimateTestCase.swift in Sources */,
				829B69931B62C62700E3A020 /* UberPriceEstimateTestCase.swift in Sources */,
				829B698A1B62C4CB00E3A020 /* General Setup.swift in Sources */,
				829B69901B62C5B000E3A020 /* UberProductTestCase.swift in Sources */,
			);
			runOnlyForDeploymentPostprocessing = 0;
		};
/* End PBXSourcesBuildPhase section */

/* Begin PBXTargetDependency section */
		829B69061B62828700E3A020 /* PBXTargetDependency */ = {
			isa = PBXTargetDependency;
			target = 829B68F81B62828700E3A020 /* UberiOSSDK */;
			targetProxy = 829B69051B62828700E3A020 /* PBXContainerItemProxy */;
		};
		829B69221B6282A900E3A020 /* PBXTargetDependency */ = {
			isa = PBXTargetDependency;
			target = 829B69151B6282A900E3A020 /* UberMacSDK */;
			targetProxy = 829B69211B6282A900E3A020 /* PBXContainerItemProxy */;
		};
/* End PBXTargetDependency section */

/* Begin XCBuildConfiguration section */
		829B68C81B6280E900E3A020 /* Debug */ = {
			isa = XCBuildConfiguration;
			buildSettings = {
			};
			name = Debug;
		};
		829B68C91B6280E900E3A020 /* Release */ = {
			isa = XCBuildConfiguration;
			buildSettings = {
			};
			name = Release;
		};
		829B690C1B62828700E3A020 /* Debug */ = {
			isa = XCBuildConfiguration;
			buildSettings = {
				ALWAYS_SEARCH_USER_PATHS = NO;
				APPLICATION_EXTENSION_API_ONLY = YES;
				ARCHS = (
					"$(ARCHS_STANDARD)",
					i386,
					x86_64,
				);
				CLANG_CXX_LANGUAGE_STANDARD = "gnu++0x";
				CLANG_CXX_LIBRARY = "libc++";
				CLANG_ENABLE_MODULES = YES;
				CLANG_ENABLE_OBJC_ARC = YES;
				CLANG_WARN_BOOL_CONVERSION = YES;
				CLANG_WARN_CONSTANT_CONVERSION = YES;
				CLANG_WARN_DIRECT_OBJC_ISA_USAGE = YES_ERROR;
				CLANG_WARN_EMPTY_BODY = YES;
				CLANG_WARN_ENUM_CONVERSION = YES;
				CLANG_WARN_INT_CONVERSION = YES;
				CLANG_WARN_OBJC_ROOT_CLASS = YES_ERROR;
				CLANG_WARN_UNREACHABLE_CODE = YES;
				CLANG_WARN__DUPLICATE_METHOD_MATCH = YES;
				"CODE_SIGN_IDENTITY[sdk=iphoneos*]" = "iPhone Developer";
				COPY_PHASE_STRIP = NO;
				CURRENT_PROJECT_VERSION = 1;
				DEBUG_INFORMATION_FORMAT = dwarf;
				DEFINES_MODULE = YES;
				DYLIB_COMPATIBILITY_VERSION = 1;
				DYLIB_CURRENT_VERSION = 1;
				DYLIB_INSTALL_NAME_BASE = "@rpath";
				EMBEDDED_CONTENT_CONTAINS_SWIFT = YES;
				ENABLE_STRICT_OBJC_MSGSEND = YES;
				ENABLE_TESTABILITY = YES;
				GCC_C_LANGUAGE_STANDARD = gnu99;
				GCC_DYNAMIC_NO_PIC = NO;
				GCC_NO_COMMON_BLOCKS = YES;
				GCC_OPTIMIZATION_LEVEL = 0;
				GCC_PREPROCESSOR_DEFINITIONS = (
					"DEBUG=1",
					"$(inherited)",
				);
				GCC_WARN_64_TO_32_BIT_CONVERSION = YES;
				GCC_WARN_ABOUT_RETURN_TYPE = YES_ERROR;
				GCC_WARN_UNDECLARED_SELECTOR = YES;
				GCC_WARN_UNINITIALIZED_AUTOS = YES_AGGRESSIVE;
				GCC_WARN_UNUSED_FUNCTION = YES;
				GCC_WARN_UNUSED_VARIABLE = YES;
				INFOPLIST_FILE = UberiOSSDK/Info.plist;
				INSTALL_PATH = "$(LOCAL_LIBRARY_DIR)/Frameworks";
				IPHONEOS_DEPLOYMENT_TARGET = 8.0;
				LD_RUNPATH_SEARCH_PATHS = "$(inherited) @executable_path/Frameworks @loader_path/Frameworks";
				MTL_ENABLE_DEBUG_INFO = YES;
				ONLY_ACTIVE_ARCH = YES;
				PRODUCT_BUNDLE_IDENTIFIER = ManavGabhawala.UberiOSSDK;
				PRODUCT_NAME = "$(TARGET_NAME)";
				SDKROOT = iphoneos;
				SKIP_INSTALL = YES;
				TARGETED_DEVICE_FAMILY = "1,2";
				VALID_ARCHS = "arm64 armv7 armv7s x86_64 i386";
				VERSIONING_SYSTEM = "apple-generic";
				VERSION_INFO_PREFIX = "";
			};
			name = Debug;
		};
		829B690D1B62828700E3A020 /* Release */ = {
			isa = XCBuildConfiguration;
			buildSettings = {
				ALWAYS_SEARCH_USER_PATHS = NO;
				APPLICATION_EXTENSION_API_ONLY = YES;
				ARCHS = (
					"$(ARCHS_STANDARD)",
					i386,
					x86_64,
				);
				CLANG_CXX_LANGUAGE_STANDARD = "gnu++0x";
				CLANG_CXX_LIBRARY = "libc++";
				CLANG_ENABLE_MODULES = YES;
				CLANG_ENABLE_OBJC_ARC = YES;
				CLANG_WARN_BOOL_CONVERSION = YES;
				CLANG_WARN_CONSTANT_CONVERSION = YES;
				CLANG_WARN_DIRECT_OBJC_ISA_USAGE = YES_ERROR;
				CLANG_WARN_EMPTY_BODY = YES;
				CLANG_WARN_ENUM_CONVERSION = YES;
				CLANG_WARN_INT_CONVERSION = YES;
				CLANG_WARN_OBJC_ROOT_CLASS = YES_ERROR;
				CLANG_WARN_UNREACHABLE_CODE = YES;
				CLANG_WARN__DUPLICATE_METHOD_MATCH = YES;
				"CODE_SIGN_IDENTITY[sdk=iphoneos*]" = "iPhone Developer";
				COPY_PHASE_STRIP = NO;
				CURRENT_PROJECT_VERSION = 1;
				DEBUG_INFORMATION_FORMAT = "dwarf-with-dsym";
				DEFINES_MODULE = YES;
				DYLIB_COMPATIBILITY_VERSION = 1;
				DYLIB_CURRENT_VERSION = 1;
				DYLIB_INSTALL_NAME_BASE = "@rpath";
				EMBEDDED_CONTENT_CONTAINS_SWIFT = YES;
				ENABLE_NS_ASSERTIONS = NO;
				ENABLE_STRICT_OBJC_MSGSEND = YES;
				GCC_C_LANGUAGE_STANDARD = gnu99;
				GCC_NO_COMMON_BLOCKS = YES;
				GCC_WARN_64_TO_32_BIT_CONVERSION = YES;
				GCC_WARN_ABOUT_RETURN_TYPE = YES_ERROR;
				GCC_WARN_UNDECLARED_SELECTOR = YES;
				GCC_WARN_UNINITIALIZED_AUTOS = YES_AGGRESSIVE;
				GCC_WARN_UNUSED_FUNCTION = YES;
				GCC_WARN_UNUSED_VARIABLE = YES;
				INFOPLIST_FILE = UberiOSSDK/Info.plist;
				INSTALL_PATH = "$(LOCAL_LIBRARY_DIR)/Frameworks";
				IPHONEOS_DEPLOYMENT_TARGET = 8.0;
				LD_RUNPATH_SEARCH_PATHS = "$(inherited) @executable_path/Frameworks @loader_path/Frameworks";
				MTL_ENABLE_DEBUG_INFO = NO;
				PRODUCT_BUNDLE_IDENTIFIER = ManavGabhawala.UberiOSSDK;
				PRODUCT_NAME = "$(TARGET_NAME)";
				SDKROOT = iphoneos;
				SKIP_INSTALL = YES;
				TARGETED_DEVICE_FAMILY = "1,2";
				VALIDATE_PRODUCT = YES;
				VALID_ARCHS = "arm64 armv7 armv7s x86_64 i386";
				VERSIONING_SYSTEM = "apple-generic";
				VERSION_INFO_PREFIX = "";
			};
			name = Release;
		};
		829B690F1B62828700E3A020 /* Debug */ = {
			isa = XCBuildConfiguration;
			buildSettings = {
				ALWAYS_SEARCH_USER_PATHS = NO;
				CLANG_CXX_LANGUAGE_STANDARD = "gnu++0x";
				CLANG_CXX_LIBRARY = "libc++";
				CLANG_ENABLE_MODULES = YES;
				CLANG_ENABLE_OBJC_ARC = YES;
				CLANG_WARN_BOOL_CONVERSION = YES;
				CLANG_WARN_CONSTANT_CONVERSION = YES;
				CLANG_WARN_DIRECT_OBJC_ISA_USAGE = YES_ERROR;
				CLANG_WARN_EMPTY_BODY = YES;
				CLANG_WARN_ENUM_CONVERSION = YES;
				CLANG_WARN_INT_CONVERSION = YES;
				CLANG_WARN_OBJC_ROOT_CLASS = YES_ERROR;
				CLANG_WARN_UNREACHABLE_CODE = YES;
				CLANG_WARN__DUPLICATE_METHOD_MATCH = YES;
				"CODE_SIGN_IDENTITY[sdk=iphoneos*]" = "iPhone Developer";
				COPY_PHASE_STRIP = NO;
				DEBUG_INFORMATION_FORMAT = dwarf;
				ENABLE_STRICT_OBJC_MSGSEND = YES;
				ENABLE_TESTABILITY = YES;
				GCC_C_LANGUAGE_STANDARD = gnu99;
				GCC_DYNAMIC_NO_PIC = NO;
				GCC_NO_COMMON_BLOCKS = YES;
				GCC_OPTIMIZATION_LEVEL = 0;
				GCC_PREPROCESSOR_DEFINITIONS = (
					"DEBUG=1",
					"$(inherited)",
				);
				GCC_WARN_64_TO_32_BIT_CONVERSION = YES;
				GCC_WARN_ABOUT_RETURN_TYPE = YES_ERROR;
				GCC_WARN_UNDECLARED_SELECTOR = YES;
				GCC_WARN_UNINITIALIZED_AUTOS = YES_AGGRESSIVE;
				GCC_WARN_UNUSED_FUNCTION = YES;
				GCC_WARN_UNUSED_VARIABLE = YES;
				INFOPLIST_FILE = UberiOSSDKTests/Info.plist;
				IPHONEOS_DEPLOYMENT_TARGET = 9.0;
				LD_RUNPATH_SEARCH_PATHS = "$(inherited) @executable_path/Frameworks @loader_path/Frameworks";
				MTL_ENABLE_DEBUG_INFO = YES;
				ONLY_ACTIVE_ARCH = YES;
				PRODUCT_BUNDLE_IDENTIFIER = ManavGabhawala.UberiOSSDKTests;
				PRODUCT_NAME = "$(TARGET_NAME)";
				SDKROOT = iphoneos;
				SWIFT_OBJC_BRIDGING_HEADER = "UberiOSSDKTests-Bridging-Header.h";
				SWIFT_OPTIMIZATION_LEVEL = "-Onone";
			};
			name = Debug;
		};
		829B69101B62828700E3A020 /* Release */ = {
			isa = XCBuildConfiguration;
			buildSettings = {
				ALWAYS_SEARCH_USER_PATHS = NO;
				CLANG_CXX_LANGUAGE_STANDARD = "gnu++0x";
				CLANG_CXX_LIBRARY = "libc++";
				CLANG_ENABLE_MODULES = YES;
				CLANG_ENABLE_OBJC_ARC = YES;
				CLANG_WARN_BOOL_CONVERSION = YES;
				CLANG_WARN_CONSTANT_CONVERSION = YES;
				CLANG_WARN_DIRECT_OBJC_ISA_USAGE = YES_ERROR;
				CLANG_WARN_EMPTY_BODY = YES;
				CLANG_WARN_ENUM_CONVERSION = YES;
				CLANG_WARN_INT_CONVERSION = YES;
				CLANG_WARN_OBJC_ROOT_CLASS = YES_ERROR;
				CLANG_WARN_UNREACHABLE_CODE = YES;
				CLANG_WARN__DUPLICATE_METHOD_MATCH = YES;
				"CODE_SIGN_IDENTITY[sdk=iphoneos*]" = "iPhone Developer";
				COPY_PHASE_STRIP = NO;
				DEBUG_INFORMATION_FORMAT = "dwarf-with-dsym";
				ENABLE_NS_ASSERTIONS = NO;
				ENABLE_STRICT_OBJC_MSGSEND = YES;
				GCC_C_LANGUAGE_STANDARD = gnu99;
				GCC_NO_COMMON_BLOCKS = YES;
				GCC_WARN_64_TO_32_BIT_CONVERSION = YES;
				GCC_WARN_ABOUT_RETURN_TYPE = YES_ERROR;
				GCC_WARN_UNDECLARED_SELECTOR = YES;
				GCC_WARN_UNINITIALIZED_AUTOS = YES_AGGRESSIVE;
				GCC_WARN_UNUSED_FUNCTION = YES;
				GCC_WARN_UNUSED_VARIABLE = YES;
				INFOPLIST_FILE = UberiOSSDKTests/Info.plist;
				IPHONEOS_DEPLOYMENT_TARGET = 9.0;
				LD_RUNPATH_SEARCH_PATHS = "$(inherited) @executable_path/Frameworks @loader_path/Frameworks";
				MTL_ENABLE_DEBUG_INFO = NO;
				PRODUCT_BUNDLE_IDENTIFIER = ManavGabhawala.UberiOSSDKTests;
				PRODUCT_NAME = "$(TARGET_NAME)";
				SDKROOT = iphoneos;
				SWIFT_OBJC_BRIDGING_HEADER = "UberiOSSDKTests-Bridging-Header.h";
				VALIDATE_PRODUCT = YES;
			};
			name = Release;
		};
		829B69281B6282A900E3A020 /* Debug */ = {
			isa = XCBuildConfiguration;
			buildSettings = {
				ALWAYS_SEARCH_USER_PATHS = NO;
				APPLICATION_EXTENSION_API_ONLY = YES;
				CLANG_CXX_LANGUAGE_STANDARD = "gnu++0x";
				CLANG_CXX_LIBRARY = "libc++";
				CLANG_ENABLE_MODULES = YES;
				CLANG_ENABLE_OBJC_ARC = YES;
				CLANG_WARN_BOOL_CONVERSION = YES;
				CLANG_WARN_CONSTANT_CONVERSION = YES;
				CLANG_WARN_DIRECT_OBJC_ISA_USAGE = YES_ERROR;
				CLANG_WARN_EMPTY_BODY = YES;
				CLANG_WARN_ENUM_CONVERSION = YES;
				CLANG_WARN_INT_CONVERSION = YES;
				CLANG_WARN_OBJC_ROOT_CLASS = YES_ERROR;
				CLANG_WARN_UNREACHABLE_CODE = YES;
				CLANG_WARN__DUPLICATE_METHOD_MATCH = YES;
				COMBINE_HIDPI_IMAGES = YES;
				COPY_PHASE_STRIP = NO;
				CURRENT_PROJECT_VERSION = 1;
				DEBUG_INFORMATION_FORMAT = dwarf;
				DEFINES_MODULE = YES;
				DYLIB_COMPATIBILITY_VERSION = 1;
				DYLIB_CURRENT_VERSION = 1;
				DYLIB_INSTALL_NAME_BASE = "@rpath";
				EMBEDDED_CONTENT_CONTAINS_SWIFT = YES;
				ENABLE_STRICT_OBJC_MSGSEND = YES;
				ENABLE_TESTABILITY = YES;
				FRAMEWORK_VERSION = A;
				GCC_C_LANGUAGE_STANDARD = gnu99;
				GCC_DYNAMIC_NO_PIC = NO;
				GCC_NO_COMMON_BLOCKS = YES;
				GCC_OPTIMIZATION_LEVEL = 0;
				GCC_PREPROCESSOR_DEFINITIONS = (
					"DEBUG=1",
					"$(inherited)",
				);
				GCC_WARN_64_TO_32_BIT_CONVERSION = YES;
				GCC_WARN_ABOUT_RETURN_TYPE = YES_ERROR;
				GCC_WARN_UNDECLARED_SELECTOR = YES;
				GCC_WARN_UNINITIALIZED_AUTOS = YES_AGGRESSIVE;
				GCC_WARN_UNUSED_FUNCTION = YES;
				GCC_WARN_UNUSED_VARIABLE = YES;
				INFOPLIST_FILE = UberMacSDK/Info.plist;
				INSTALL_PATH = "$(LOCAL_LIBRARY_DIR)/Frameworks";
				LD_RUNPATH_SEARCH_PATHS = "$(inherited) @executable_path/../Frameworks @loader_path/Frameworks";
				MACOSX_DEPLOYMENT_TARGET = 10.9;
				MTL_ENABLE_DEBUG_INFO = YES;
				ONLY_ACTIVE_ARCH = YES;
				PRODUCT_BUNDLE_IDENTIFIER = ManavGabhawala.UberMacSDK;
				PRODUCT_NAME = "$(TARGET_NAME)";
				SDKROOT = macosx;
				SKIP_INSTALL = YES;
				VERSIONING_SYSTEM = "apple-generic";
				VERSION_INFO_PREFIX = "";
			};
			name = Debug;
		};
		829B69291B6282A900E3A020 /* Release */ = {
			isa = XCBuildConfiguration;
			buildSettings = {
				ALWAYS_SEARCH_USER_PATHS = NO;
				APPLICATION_EXTENSION_API_ONLY = YES;
				CLANG_CXX_LANGUAGE_STANDARD = "gnu++0x";
				CLANG_CXX_LIBRARY = "libc++";
				CLANG_ENABLE_MODULES = YES;
				CLANG_ENABLE_OBJC_ARC = YES;
				CLANG_WARN_BOOL_CONVERSION = YES;
				CLANG_WARN_CONSTANT_CONVERSION = YES;
				CLANG_WARN_DIRECT_OBJC_ISA_USAGE = YES_ERROR;
				CLANG_WARN_EMPTY_BODY = YES;
				CLANG_WARN_ENUM_CONVERSION = YES;
				CLANG_WARN_INT_CONVERSION = YES;
				CLANG_WARN_OBJC_ROOT_CLASS = YES_ERROR;
				CLANG_WARN_UNREACHABLE_CODE = YES;
				CLANG_WARN__DUPLICATE_METHOD_MATCH = YES;
				COMBINE_HIDPI_IMAGES = YES;
				COPY_PHASE_STRIP = NO;
				CURRENT_PROJECT_VERSION = 1;
				DEBUG_INFORMATION_FORMAT = "dwarf-with-dsym";
				DEFINES_MODULE = YES;
				DYLIB_COMPATIBILITY_VERSION = 1;
				DYLIB_CURRENT_VERSION = 1;
				DYLIB_INSTALL_NAME_BASE = "@rpath";
				EMBEDDED_CONTENT_CONTAINS_SWIFT = YES;
				ENABLE_NS_ASSERTIONS = NO;
				ENABLE_STRICT_OBJC_MSGSEND = YES;
				FRAMEWORK_VERSION = A;
				GCC_C_LANGUAGE_STANDARD = gnu99;
				GCC_NO_COMMON_BLOCKS = YES;
				GCC_WARN_64_TO_32_BIT_CONVERSION = YES;
				GCC_WARN_ABOUT_RETURN_TYPE = YES_ERROR;
				GCC_WARN_UNDECLARED_SELECTOR = YES;
				GCC_WARN_UNINITIALIZED_AUTOS = YES_AGGRESSIVE;
				GCC_WARN_UNUSED_FUNCTION = YES;
				GCC_WARN_UNUSED_VARIABLE = YES;
				INFOPLIST_FILE = UberMacSDK/Info.plist;
				INSTALL_PATH = "$(LOCAL_LIBRARY_DIR)/Frameworks";
				LD_RUNPATH_SEARCH_PATHS = "$(inherited) @executable_path/../Frameworks @loader_path/Frameworks";
				MACOSX_DEPLOYMENT_TARGET = 10.9;
				MTL_ENABLE_DEBUG_INFO = NO;
				PRODUCT_BUNDLE_IDENTIFIER = ManavGabhawala.UberMacSDK;
				PRODUCT_NAME = "$(TARGET_NAME)";
				SDKROOT = macosx;
				SKIP_INSTALL = YES;
				VERSIONING_SYSTEM = "apple-generic";
				VERSION_INFO_PREFIX = "";
			};
			name = Release;
		};
		829B692B1B6282A900E3A020 /* Debug */ = {
			isa = XCBuildConfiguration;
			buildSettings = {
				ALWAYS_SEARCH_USER_PATHS = NO;
				CLANG_CXX_LANGUAGE_STANDARD = "gnu++0x";
				CLANG_CXX_LIBRARY = "libc++";
				CLANG_ENABLE_MODULES = YES;
				CLANG_ENABLE_OBJC_ARC = YES;
				CLANG_WARN_BOOL_CONVERSION = YES;
				CLANG_WARN_CONSTANT_CONVERSION = YES;
				CLANG_WARN_DIRECT_OBJC_ISA_USAGE = YES_ERROR;
				CLANG_WARN_EMPTY_BODY = YES;
				CLANG_WARN_ENUM_CONVERSION = YES;
				CLANG_WARN_INT_CONVERSION = YES;
				CLANG_WARN_OBJC_ROOT_CLASS = YES_ERROR;
				CLANG_WARN_UNREACHABLE_CODE = YES;
				CLANG_WARN__DUPLICATE_METHOD_MATCH = YES;
				COMBINE_HIDPI_IMAGES = YES;
				COPY_PHASE_STRIP = NO;
				DEBUG_INFORMATION_FORMAT = dwarf;
				ENABLE_STRICT_OBJC_MSGSEND = YES;
				ENABLE_TESTABILITY = YES;
				GCC_C_LANGUAGE_STANDARD = gnu99;
				GCC_DYNAMIC_NO_PIC = NO;
				GCC_NO_COMMON_BLOCKS = YES;
				GCC_OPTIMIZATION_LEVEL = 0;
				GCC_PREPROCESSOR_DEFINITIONS = (
					"DEBUG=1",
					"$(inherited)",
				);
				GCC_WARN_64_TO_32_BIT_CONVERSION = YES;
				GCC_WARN_ABOUT_RETURN_TYPE = YES_ERROR;
				GCC_WARN_UNDECLARED_SELECTOR = YES;
				GCC_WARN_UNINITIALIZED_AUTOS = YES_AGGRESSIVE;
				GCC_WARN_UNUSED_FUNCTION = YES;
				GCC_WARN_UNUSED_VARIABLE = YES;
				INFOPLIST_FILE = UberMacSDKTests/Info.plist;
				LD_RUNPATH_SEARCH_PATHS = "$(inherited) @executable_path/../Frameworks @loader_path/../Frameworks";
				MACOSX_DEPLOYMENT_TARGET = 10.11;
				MTL_ENABLE_DEBUG_INFO = YES;
				ONLY_ACTIVE_ARCH = YES;
				PRODUCT_BUNDLE_IDENTIFIER = ManavGabhawala.UberMacSDKTests;
				PRODUCT_NAME = "$(TARGET_NAME)";
				SDKROOT = macosx;
				SWIFT_OBJC_BRIDGING_HEADER = "UberMacSDKTests-Bridging-Header.h";
				SWIFT_OPTIMIZATION_LEVEL = "-Onone";
			};
			name = Debug;
		};
		829B692C1B6282A900E3A020 /* Release */ = {
			isa = XCBuildConfiguration;
			buildSettings = {
				ALWAYS_SEARCH_USER_PATHS = NO;
				CLANG_CXX_LANGUAGE_STANDARD = "gnu++0x";
				CLANG_CXX_LIBRARY = "libc++";
				CLANG_ENABLE_MODULES = YES;
				CLANG_ENABLE_OBJC_ARC = YES;
				CLANG_WARN_BOOL_CONVERSION = YES;
				CLANG_WARN_CONSTANT_CONVERSION = YES;
				CLANG_WARN_DIRECT_OBJC_ISA_USAGE = YES_ERROR;
				CLANG_WARN_EMPTY_BODY = YES;
				CLANG_WARN_ENUM_CONVERSION = YES;
				CLANG_WARN_INT_CONVERSION = YES;
				CLANG_WARN_OBJC_ROOT_CLASS = YES_ERROR;
				CLANG_WARN_UNREACHABLE_CODE = YES;
				CLANG_WARN__DUPLICATE_METHOD_MATCH = YES;
				COMBINE_HIDPI_IMAGES = YES;
				COPY_PHASE_STRIP = NO;
				DEBUG_INFORMATION_FORMAT = "dwarf-with-dsym";
				ENABLE_NS_ASSERTIONS = NO;
				ENABLE_STRICT_OBJC_MSGSEND = YES;
				GCC_C_LANGUAGE_STANDARD = gnu99;
				GCC_NO_COMMON_BLOCKS = YES;
				GCC_WARN_64_TO_32_BIT_CONVERSION = YES;
				GCC_WARN_ABOUT_RETURN_TYPE = YES_ERROR;
				GCC_WARN_UNDECLARED_SELECTOR = YES;
				GCC_WARN_UNINITIALIZED_AUTOS = YES_AGGRESSIVE;
				GCC_WARN_UNUSED_FUNCTION = YES;
				GCC_WARN_UNUSED_VARIABLE = YES;
				INFOPLIST_FILE = UberMacSDKTests/Info.plist;
				LD_RUNPATH_SEARCH_PATHS = "$(inherited) @executable_path/../Frameworks @loader_path/../Frameworks";
				MACOSX_DEPLOYMENT_TARGET = 10.11;
				MTL_ENABLE_DEBUG_INFO = NO;
				PRODUCT_BUNDLE_IDENTIFIER = ManavGabhawala.UberMacSDKTests;
				PRODUCT_NAME = "$(TARGET_NAME)";
				SDKROOT = macosx;
				SWIFT_OBJC_BRIDGING_HEADER = "UberMacSDKTests-Bridging-Header.h";
			};
			name = Release;
		};
/* End XCBuildConfiguration section */

/* Begin XCConfigurationList section */
		829B68C71B6280E900E3A020 /* Build configuration list for PBXProject "UberSDK" */ = {
			isa = XCConfigurationList;
			buildConfigurations = (
				829B68C81B6280E900E3A020 /* Debug */,
				829B68C91B6280E900E3A020 /* Release */,
			);
			defaultConfigurationIsVisible = 0;
			defaultConfigurationName = Release;
		};
		829B690B1B62828700E3A020 /* Build configuration list for PBXNativeTarget "UberiOSSDK" */ = {
			isa = XCConfigurationList;
			buildConfigurations = (
				829B690C1B62828700E3A020 /* Debug */,
				829B690D1B62828700E3A020 /* Release */,
			);
			defaultConfigurationIsVisible = 0;
			defaultConfigurationName = Release;
		};
		829B690E1B62828700E3A020 /* Build configuration list for PBXNativeTarget "UberiOSSDKTests" */ = {
			isa = XCConfigurationList;
			buildConfigurations = (
				829B690F1B62828700E3A020 /* Debug */,
				829B69101B62828700E3A020 /* Release */,
			);
			defaultConfigurationIsVisible = 0;
			defaultConfigurationName = Release;
		};
		829B69271B6282A900E3A020 /* Build configuration list for PBXNativeTarget "UberMacSDK" */ = {
			isa = XCConfigurationList;
			buildConfigurations = (
				829B69281B6282A900E3A020 /* Debug */,
				829B69291B6282A900E3A020 /* Release */,
			);
			defaultConfigurationIsVisible = 0;
			defaultConfigurationName = Release;
		};
		829B692A1B6282A900E3A020 /* Build configuration list for PBXNativeTarget "UberMacSDKTests" */ = {
			isa = XCConfigurationList;
			buildConfigurations = (
				829B692B1B6282A900E3A020 /* Debug */,
				829B692C1B6282A900E3A020 /* Release */,
			);
			defaultConfigurationIsVisible = 0;
			defaultConfigurationName = Release;
		};
/* End XCConfigurationList section */
	};
	rootObject = 829B68C41B6280E900E3A020 /* Project object */;
}
