// !$*UTF8*$!
{
	archiveVersion = 1;
	classes = {
	};
	objectVersion = 46;
	objects = {

/* Begin PBXGroup section */
		82FFD9DF1B2A08B70065C638 = {
			isa = PBXGroup;
			children = (
			);
			sourceTree = "<group>";
		};
/* End PBXGroup section */

/* Begin PBXProject section */
		82FFD9E01B2A08B70065C638 /* Project object */ = {
			isa = PBXProject;
			attributes = {
				LastUpgradeCheck = 0700;
			};
			buildConfigurationList = 82FFD9E31B2A08B70065C638 /* Build configuration list for PBXProject "UberSDK" */;
			compatibilityVersion = "Xcode 3.2";
			developmentRegion = English;
			hasScannedForEncodings = 0;
			knownRegions = (
				en,
			);
			mainGroup = 82FFD9DF1B2A08B70065C638;
			projectDirPath = "";
			projectRoot = "";
			targets = (
			);
		};
/* End PBXProject section */

/* Begin XCBuildConfiguration section */
		82FFD9E41B2A08B70065C638 /* Debug */ = {
			isa = XCBuildConfiguration;
			buildSettings = {
			};
			name = Debug;
		};
		82FFD9E51B2A08B70065C638 /* Release */ = {
			isa = XCBuildConfiguration;
			buildSettings = {
			};
			name = Release;
		};
/* End XCBuildConfiguration section */

/* Begin XCConfigurationList section */
		82FFD9E31B2A08B70065C638 /* Build configuration list for PBXProject "UberSDK" */ = {
			isa = XCConfigurationList;
			buildConfigurations = (
				82FFD9E41B2A08B70065C638 /* Debug */,
				82FFD9E51B2A08B70065C638 /* Release */,
			);
			defaultConfigurationIsVisible = 0;
			defaultConfigurationName = Release;
		};
/* End XCConfigurationList section */
	};
	rootObject = 82FFD9E01B2A08B70065C638 /* Project object */;
}
